Microsoft Visual Studio Solution File, Format Version 12.00
# Visual Studio Version 17
VisualStudioVersion = 17.5.2.0
MinimumVisualStudioVersion = 10.0.40219.1
Project("{FAE04EC0-301F-11D3-BF4B-00C04F79EFBC}") = "WinSentryAI", "WinSentryAI.csproj", "{EA9A1837-F09A-3BED-5FA2-ACAD7BC91251}"
EndProject
Project("{2150E333-8FDC-42A3-9474-1A3956D46DE8}") = "Tests", "Tests", "{0AB3BF05-4346-4AA6-1389-037BE0695223}"
EndProject
Project("{FAE04EC0-301F-11D3-BF4B-00C04F79EFBC}") = "WinSentryAI.Tests", "Tests\WinSentryAI.Tests.csproj", "{E4A3F338-4C54-103C-7128-B50C2E4D6884}"
EndProject
Global
	GlobalSection(SolutionConfigurationPlatforms) = preSolution
		Debug|x64 = Debug|x64
		Release|x64 = Release|x64
	EndGlobalSection
	GlobalSection(ProjectConfigurationPlatforms) = postSolution
		{EA9A1837-F09A-3BED-5FA2-ACAD7BC91251}.Debug|x64.ActiveCfg = Debug|x64
		{EA9A1837-F09A-3BED-5FA2-ACAD7BC91251}.Debug|x64.Build.0 = Debug|x64
		{EA9A1837-F09A-3BED-5FA2-ACAD7BC91251}.Release|x64.ActiveCfg = Release|x64
		{EA9A1837-F09A-3BED-5FA2-ACAD7BC91251}.Release|x64.Build.0 = Release|x64
		{E4A3F338-4C54-103C-7128-B50C2E4D6884}.Debug|x64.ActiveCfg = Debug|x64
		{E4A3F338-4C54-103C-7128-B50C2E4D6884}.Debug|x64.Build.0 = Debug|x64
		{E4A3F338-4C54-103C-7128-B50C2E4D6884}.Release|x64.ActiveCfg = Release|x64
		{E4A3F338-4C54-103C-7128-B50C2E4D6884}.Release|x64.Build.0 = Release|x64
	EndGlobalSection
	GlobalSection(SolutionProperties) = preSolution
		HideSolutionNode = FALSE
	EndGlobalSection
	GlobalSection(NestedProjects) = preSolution
		{E4A3F338-4C54-103C-7128-B50C2E4D6884} = {0AB3BF05-4346-4AA6-1389-037BE0695223}
	EndGlobalSection
	GlobalSection(ExtensibilityGlobals) = postSolution
		SolutionGuid = {F41EFB5E-83FF-4562-91B3-1C01D3A6D255}
	EndGlobalSection
EndGlobal
